{
    "_readme": [
        "This file locks the dependencies of your project to a known state",
        "Read more about it at https://getcomposer.org/doc/01-basic-usage.md#composer-lock-the-lock-file",
        "This file is @generated automatically"
    ],
    "content-hash": "8ae3d809f632ea072f248153891d4f0b",
    "packages": [
        {
            "name": "greenter/xmldsig",
            "version": "v5.0.0",
            "source": {
                "type": "git",
                "url": "https://github.com/giansalex/xmldsig.git",
                "reference": "c3850dd26a1cdab5b083cabcd6a39001ec56ec3b"
            },
            "dist": {
                "type": "zip",
                "url": "https://api.github.com/repos/giansalex/xmldsig/zipball/c3850dd26a1cdab5b083cabcd6a39001ec56ec3b",
                "reference": "c3850dd26a1cdab5b083cabcd6a39001ec56ec3b",
                "shasum": ""
            },
            "require": {
                "php": ">=5.5.9"
            },
            "suggest": {
                "ext-openssl": "The OpenSsl Extension"
            },
            "type": "library",
            "autoload": {
                "psr-4": {
                    "Greenter\\XMLSecLibs\\": "src"
                }
            },
            "notification-url": "https://packagist.org/downloads/",
            "license": [
                "BSD-2-Clause"
            ],
            "description": "Libreria para firmar XML según normativa de SUNAT en Facturación Electrónica",
            "homepage": "https://github.com/giansalex/xmldsig",
            "keywords": [
                "security",
                "signature",
                "sunat",
                "xml",
                "xmldsig"
            ],
            "time": "2018-02-25T02:19:28+00:00"
        }
    ],
    "packages-dev": [],
    "aliases": [],
    "minimum-stability": "stable",
    "stability-flags": [],
    "prefer-stable": false,
    "prefer-lowest": false,
    "platform": [],
    "platform-dev": []
}
